
Microsoft Visual Studio Solution File, Format Version 12.00
# Visual Studio Version 17
VisualStudioVersion = 17.5.33627.172
MinimumVisualStudioVersion = 10.0.40219.1
Project("{9A19103F-16F7-4668-BE54-9A1E7A4F7556}") = "AirlineInventory", "AirlineInventory\AirlineInventory.csproj", "{521BE34D-F369-4C81-8372-296B05252BE9}"
EndProject
Project("{FAE04EC0-301F-11D3-BF4B-00C04F79EFBC}") = "InventoryNew", "InventoryNew\InventoryNew.csproj", "{1BCC1A3E-F1EF-4AE3-9110-0AD4D8C2B546}"
EndProject
Global
	GlobalSection(SolutionConfigurationPlatforms) = preSolution
		Debug|Any CPU = Debug|Any CPU
		Release|Any CPU = Release|Any CPU
	EndGlobalSection
	GlobalSection(ProjectConfigurationPlatforms) = postSolution
		{521BE34D-F369-4C81-8372-296B05252BE9}.Debug|Any CPU.ActiveCfg = Debug|Any CPU
		{521BE34D-F369-4C81-8372-296B05252BE9}.Debug|Any CPU.Build.0 = Debug|Any CPU
		{521BE34D-F369-4C81-8372-296B05252BE9}.Release|Any CPU.ActiveCfg = Release|Any CPU
		{521BE34D-F369-4C81-8372-296B05252BE9}.Release|Any CPU.Build.0 = Release|Any CPU
		{1BCC1A3E-F1EF-4AE3-9110-0AD4D8C2B546}.Debug|Any CPU.ActiveCfg = Debug|Any CPU
		{1BCC1A3E-F1EF-4AE3-9110-0AD4D8C2B546}.Debug|Any CPU.Build.0 = Debug|Any CPU
		{1BCC1A3E-F1EF-4AE3-9110-0AD4D8C2B546}.Release|Any CPU.ActiveCfg = Release|Any CPU
		{1BCC1A3E-F1EF-4AE3-9110-0AD4D8C2B546}.Release|Any CPU.Build.0 = Release|Any CPU
	EndGlobalSection
	GlobalSection(SolutionProperties) = preSolution
		HideSolutionNode = FALSE
	EndGlobalSection
	GlobalSection(ExtensibilityGlobals) = postSolution
		SolutionGuid = {BB428B64-D0C0-401C-963C-DBE3FB7774C1}
	EndGlobalSection
EndGlobal
